
Microsoft Visual Studio Solution File, Format Version 12.00
# Visual Studio Version 16
VisualStudioVersion = 16.0.30413.136
MinimumVisualStudioVersion = 10.0.40219.1
Project("{FAE04EC0-301F-11D3-BF4B-00C04F79EFBC}") = "CSWebScraperASPNET", "CSWebScraperASPNET\CSWebScraperASPNET.csproj", "{A9891902-C2E6-484F-A6EB-1EA33B1CABBC}"
EndProject
Global
	GlobalSection(SolutionConfigurationPlatforms) = preSolution
		Debug|Any CPU = Debug|Any CPU
		Release|Any CPU = Release|Any CPU
	EndGlobalSection
	GlobalSection(ProjectConfigurationPlatforms) = postSolution
		{A9891902-C2E6-484F-A6EB-1EA33B1CABBC}.Debug|Any CPU.ActiveCfg = Debug|Any CPU
		{A9891902-C2E6-484F-A6EB-1EA33B1CABBC}.Debug|Any CPU.Build.0 = Debug|Any CPU
		{A9891902-C2E6-484F-A6EB-1EA33B1CABBC}.Release|Any CPU.ActiveCfg = Release|Any CPU
		{A9891902-C2E6-484F-A6EB-1EA33B1CABBC}.Release|Any CPU.Build.0 = Release|Any CPU
	EndGlobalSection
	GlobalSection(SolutionProperties) = preSolution
		HideSolutionNode = FALSE
	EndGlobalSection
	GlobalSection(ExtensibilityGlobals) = postSolution
		SolutionGuid = {11DA2FEA-9C4A-4253-A22F-3991A956A519}
	EndGlobalSection
EndGlobal
